
Microsoft Visual Studio Solution File, Format Version 12.00
# Visual Studio Version 16
VisualStudioVersion = 16.0.29503.13
MinimumVisualStudioVersion = 10.0.40219.1
Project("{FAE04EC0-301F-11D3-BF4B-00C04F79EFBC}") = "FileProcessing_FileInfo", "FileProcessing_FileInfo\FileProcessing_FileInfo.csproj", "{DF661A46-F52B-48AB-B8DD-B927126BE0E7}"
EndProject
Global
	GlobalSection(SolutionConfigurationPlatforms) = preSolution
		Debug|Any CPU = Debug|Any CPU
		Release|Any CPU = Release|Any CPU
	EndGlobalSection
	GlobalSection(ProjectConfigurationPlatforms) = postSolution
		{DF661A46-F52B-48AB-B8DD-B927126BE0E7}.Debug|Any CPU.ActiveCfg = Debug|Any CPU
		{DF661A46-F52B-48AB-B8DD-B927126BE0E7}.Debug|Any CPU.Build.0 = Debug|Any CPU
		{DF661A46-F52B-48AB-B8DD-B927126BE0E7}.Release|Any CPU.ActiveCfg = Release|Any CPU
		{DF661A46-F52B-48AB-B8DD-B927126BE0E7}.Release|Any CPU.Build.0 = Release|Any CPU
	EndGlobalSection
	GlobalSection(SolutionProperties) = preSolution
		HideSolutionNode = FALSE
	EndGlobalSection
	GlobalSection(ExtensibilityGlobals) = postSolution
		SolutionGuid = {12D09039-1898-4872-9748-668190A44D0E}
	EndGlobalSection
EndGlobal
