
Microsoft Visual Studio Solution File, Format Version 12.00
# Visual Studio Version 16
VisualStudioVersion = 16.0.29503.13
MinimumVisualStudioVersion = 10.0.40219.1
Project("{FAE04EC0-301F-11D3-BF4B-00C04F79EFBC}") = "Thread-03", "Thread-03\Thread-03.csproj", "{BC562881-0052-4896-8C61-F1E0B903E200}"
EndProject
Global
	GlobalSection(SolutionConfigurationPlatforms) = preSolution
		Debug|Any CPU = Debug|Any CPU
		Release|Any CPU = Release|Any CPU
	EndGlobalSection
	GlobalSection(ProjectConfigurationPlatforms) = postSolution
		{BC562881-0052-4896-8C61-F1E0B903E200}.Debug|Any CPU.ActiveCfg = Debug|Any CPU
		{BC562881-0052-4896-8C61-F1E0B903E200}.Debug|Any CPU.Build.0 = Debug|Any CPU
		{BC562881-0052-4896-8C61-F1E0B903E200}.Release|Any CPU.ActiveCfg = Release|Any CPU
		{BC562881-0052-4896-8C61-F1E0B903E200}.Release|Any CPU.Build.0 = Release|Any CPU
	EndGlobalSection
	GlobalSection(SolutionProperties) = preSolution
		HideSolutionNode = FALSE
	EndGlobalSection
	GlobalSection(ExtensibilityGlobals) = postSolution
		SolutionGuid = {751EA379-592D-4B44-8A2B-CF642884E054}
	EndGlobalSection
EndGlobal
