
Microsoft Visual Studio Solution File, Format Version 12.00
# Visual Studio Version 16
VisualStudioVersion = 16.0.29503.13
MinimumVisualStudioVersion = 10.0.40219.1
Project("{FAE04EC0-301F-11D3-BF4B-00C04F79EFBC}") = "ClassAndObject-07", "ClassAndObject-07\ClassAndObject-07.csproj", "{290897A7-034A-4062-8D59-51270AD46098}"
EndProject
Global
	GlobalSection(SolutionConfigurationPlatforms) = preSolution
		Debug|Any CPU = Debug|Any CPU
		Release|Any CPU = Release|Any CPU
	EndGlobalSection
	GlobalSection(ProjectConfigurationPlatforms) = postSolution
		{290897A7-034A-4062-8D59-51270AD46098}.Debug|Any CPU.ActiveCfg = Debug|Any CPU
		{290897A7-034A-4062-8D59-51270AD46098}.Debug|Any CPU.Build.0 = Debug|Any CPU
		{290897A7-034A-4062-8D59-51270AD46098}.Release|Any CPU.ActiveCfg = Release|Any CPU
		{290897A7-034A-4062-8D59-51270AD46098}.Release|Any CPU.Build.0 = Release|Any CPU
	EndGlobalSection
	GlobalSection(SolutionProperties) = preSolution
		HideSolutionNode = FALSE
	EndGlobalSection
	GlobalSection(ExtensibilityGlobals) = postSolution
		SolutionGuid = {72F0C995-AE03-4DD5-A771-B65329D83AFA}
	EndGlobalSection
EndGlobal
