
Microsoft Visual Studio Solution File, Format Version 12.00
# Visual Studio Version 16
VisualStudioVersion = 16.0.29503.13
MinimumVisualStudioVersion = 10.0.40219.1
Project("{FAE04EC0-301F-11D3-BF4B-00C04F79EFBC}") = "Method-03-02", "Method-03-02\Method-03-02.csproj", "{D8BC94EC-C238-4F8E-917C-3963A0BC28D7}"
EndProject
Global
	GlobalSection(SolutionConfigurationPlatforms) = preSolution
		Debug|Any CPU = Debug|Any CPU
		Release|Any CPU = Release|Any CPU
	EndGlobalSection
	GlobalSection(ProjectConfigurationPlatforms) = postSolution
		{D8BC94EC-C238-4F8E-917C-3963A0BC28D7}.Debug|Any CPU.ActiveCfg = Debug|Any CPU
		{D8BC94EC-C238-4F8E-917C-3963A0BC28D7}.Debug|Any CPU.Build.0 = Debug|Any CPU
		{D8BC94EC-C238-4F8E-917C-3963A0BC28D7}.Release|Any CPU.ActiveCfg = Release|Any CPU
		{D8BC94EC-C238-4F8E-917C-3963A0BC28D7}.Release|Any CPU.Build.0 = Release|Any CPU
	EndGlobalSection
	GlobalSection(SolutionProperties) = preSolution
		HideSolutionNode = FALSE
	EndGlobalSection
	GlobalSection(ExtensibilityGlobals) = postSolution
		SolutionGuid = {0B7DA659-D4D9-43B0-A58A-2B8DA9D44A8D}
	EndGlobalSection
EndGlobal
