
Microsoft Visual Studio Solution File, Format Version 12.00
# Visual Studio Version 16
VisualStudioVersion = 16.0.29503.13
MinimumVisualStudioVersion = 10.0.40219.1
Project("{FAE04EC0-301F-11D3-BF4B-00C04F79EFBC}") = "ShowDialog", "ShowDialog\ShowDialog.csproj", "{2BDA558C-4929-41E3-A54E-DD9A27576FD2}"
EndProject
Global
	GlobalSection(SolutionConfigurationPlatforms) = preSolution
		Debug|Any CPU = Debug|Any CPU
		Release|Any CPU = Release|Any CPU
	EndGlobalSection
	GlobalSection(ProjectConfigurationPlatforms) = postSolution
		{2BDA558C-4929-41E3-A54E-DD9A27576FD2}.Debug|Any CPU.ActiveCfg = Debug|Any CPU
		{2BDA558C-4929-41E3-A54E-DD9A27576FD2}.Debug|Any CPU.Build.0 = Debug|Any CPU
		{2BDA558C-4929-41E3-A54E-DD9A27576FD2}.Release|Any CPU.ActiveCfg = Release|Any CPU
		{2BDA558C-4929-41E3-A54E-DD9A27576FD2}.Release|Any CPU.Build.0 = Release|Any CPU
	EndGlobalSection
	GlobalSection(SolutionProperties) = preSolution
		HideSolutionNode = FALSE
	EndGlobalSection
	GlobalSection(ExtensibilityGlobals) = postSolution
		SolutionGuid = {03DE2049-66AB-4397-8633-959B9520C8E7}
	EndGlobalSection
EndGlobal
