
Microsoft Visual Studio Solution File, Format Version 12.00
# Visual Studio Version 16
VisualStudioVersion = 16.0.29503.13
MinimumVisualStudioVersion = 10.0.40219.1
Project("{FAE04EC0-301F-11D3-BF4B-00C04F79EFBC}") = "ClassAndObject-02", "ClassAndObject-02\ClassAndObject-02.csproj", "{D53E5F49-1E2F-438E-B23A-9599F9638676}"
EndProject
Global
	GlobalSection(SolutionConfigurationPlatforms) = preSolution
		Debug|Any CPU = Debug|Any CPU
		Release|Any CPU = Release|Any CPU
	EndGlobalSection
	GlobalSection(ProjectConfigurationPlatforms) = postSolution
		{D53E5F49-1E2F-438E-B23A-9599F9638676}.Debug|Any CPU.ActiveCfg = Debug|Any CPU
		{D53E5F49-1E2F-438E-B23A-9599F9638676}.Debug|Any CPU.Build.0 = Debug|Any CPU
		{D53E5F49-1E2F-438E-B23A-9599F9638676}.Release|Any CPU.ActiveCfg = Release|Any CPU
		{D53E5F49-1E2F-438E-B23A-9599F9638676}.Release|Any CPU.Build.0 = Release|Any CPU
	EndGlobalSection
	GlobalSection(SolutionProperties) = preSolution
		HideSolutionNode = FALSE
	EndGlobalSection
	GlobalSection(ExtensibilityGlobals) = postSolution
		SolutionGuid = {23992B3C-C4EC-4336-B672-76827F3486DF}
	EndGlobalSection
EndGlobal
