
Microsoft Visual Studio Solution File, Format Version 12.00
# Visual Studio Version 16
VisualStudioVersion = 16.0.29503.13
MinimumVisualStudioVersion = 10.0.40219.1
Project("{FAE04EC0-301F-11D3-BF4B-00C04F79EFBC}") = "Indexer-01", "Indexer-01\Indexer-01.csproj", "{643FDCE2-5784-49B6-9A8E-592DD3A21F2A}"
EndProject
Global
	GlobalSection(SolutionConfigurationPlatforms) = preSolution
		Debug|Any CPU = Debug|Any CPU
		Release|Any CPU = Release|Any CPU
	EndGlobalSection
	GlobalSection(ProjectConfigurationPlatforms) = postSolution
		{643FDCE2-5784-49B6-9A8E-592DD3A21F2A}.Debug|Any CPU.ActiveCfg = Debug|Any CPU
		{643FDCE2-5784-49B6-9A8E-592DD3A21F2A}.Debug|Any CPU.Build.0 = Debug|Any CPU
		{643FDCE2-5784-49B6-9A8E-592DD3A21F2A}.Release|Any CPU.ActiveCfg = Release|Any CPU
		{643FDCE2-5784-49B6-9A8E-592DD3A21F2A}.Release|Any CPU.Build.0 = Release|Any CPU
	EndGlobalSection
	GlobalSection(SolutionProperties) = preSolution
		HideSolutionNode = FALSE
	EndGlobalSection
	GlobalSection(ExtensibilityGlobals) = postSolution
		SolutionGuid = {C065DF80-C85A-4665-AFE9-046F5BBBA5A8}
	EndGlobalSection
EndGlobal
